
Microsoft Visual Studio Solution File, Format Version 12.00
# Visual Studio Version 17
VisualStudioVersion = 17.7.34003.232
MinimumVisualStudioVersion = 10.0.40219.1
Project("{FAE04EC0-301F-11D3-BF4B-00C04F79EFBC}") = "GitApp", "GitApp.csproj", "{27C87953-7C55-4DD8-B6C4-57FC54AE9CB4}"
EndProject
Global
	GlobalSection(SolutionConfigurationPlatforms) = preSolution
		Debug|Any CPU = Debug|Any CPU
		Release|Any CPU = Release|Any CPU
	EndGlobalSection
	GlobalSection(ProjectConfigurationPlatforms) = postSolution
		{27C87953-7C55-4DD8-B6C4-57FC54AE9CB4}.Debug|Any CPU.ActiveCfg = Debug|Any CPU
		{27C87953-7C55-4DD8-B6C4-57FC54AE9CB4}.Debug|Any CPU.Build.0 = Debug|Any CPU
		{27C87953-7C55-4DD8-B6C4-57FC54AE9CB4}.Release|Any CPU.ActiveCfg = Release|Any CPU
		{27C87953-7C55-4DD8-B6C4-57FC54AE9CB4}.Release|Any CPU.Build.0 = Release|Any CPU
	EndGlobalSection
	GlobalSection(SolutionProperties) = preSolution
		HideSolutionNode = FALSE
	EndGlobalSection
	GlobalSection(ExtensibilityGlobals) = postSolution
		SolutionGuid = {5550D9E1-D805-4A2F-8A54-31D9D23DC7E5}
	EndGlobalSection
EndGlobal
